
Microsoft Visual Studio Solution File, Format Version 12.00
# Visual Studio Version 17
VisualStudioVersion = 17.0.31903.59
MinimumVisualStudioVersion = 10.0.40219.1
Project("{9A19103F-16F7-4668-BE54-9A1E7A4F7556}") = "Portfolio.Web", "Portfolio.Web\Portfolio.Web.csproj", "{316BE98E-5193-4DED-8910-91A03189A169}"
EndProject
Project("{9A19103F-16F7-4668-BE54-9A1E7A4F7556}") = "Portfolio.DataAccess", "Portfolio.DataAccess\Portfolio.DataAccess.csproj", "{71BB246A-FCFE-4337-8004-DD33664E6B04}"
EndProject
Project("{9A19103F-16F7-4668-BE54-9A1E7A4F7556}") = "Portfolio.Interface", "Portfolio.Interface\Portfolio.Interface.csproj", "{3E3CC50C-2D6C-442B-9D45-E463724321FC}"
EndProject
Project("{9A19103F-16F7-4668-BE54-9A1E7A4F7556}") = "Portfolio.Business", "Portfolio.Business\Portfolio.Business.csproj", "{E39A93E5-4181-428C-853F-5BD1B5310285}"
EndProject
Project("{FAE04EC0-301F-11D3-BF4B-00C04F79EFBC}") = "Portfolio.Entities", "Portfolio.Entities\Portfolio.Entities.csproj", "{0E47D0DD-51BF-431E-9B3C-DC595923F390}"
EndProject
Project("{FAE04EC0-301F-11D3-BF4B-00C04F79EFBC}") = "Portfolio.Common", "Portfolio.Common\Portfolio.Common.csproj", "{4A6DE875-AD25-4AC1-995B-370F68A969C5}"
EndProject
Project("{FAE04EC0-301F-11D3-BF4B-00C04F79EFBC}") = "Portfolio.DTO", "Portfolio.DTO\Portfolio.DTO.csproj", "{3AB79746-A947-49E4-AFC7-21E8B28229A2}"
EndProject
Project("{FAE04EC0-301F-11D3-BF4B-00C04F79EFBC}") = "Portfolio.Core", "Portfolio.Core\Portfolio.Core.csproj", "{CC3CF2CA-789D-4DCE-8A57-B6F3E21D7E8B}"
EndProject
Global
	GlobalSection(SolutionConfigurationPlatforms) = preSolution
		Debug|Any CPU = Debug|Any CPU
		Release|Any CPU = Release|Any CPU
	EndGlobalSection
	GlobalSection(ProjectConfigurationPlatforms) = postSolution
		{316BE98E-5193-4DED-8910-91A03189A169}.Debug|Any CPU.ActiveCfg = Debug|Any CPU
		{316BE98E-5193-4DED-8910-91A03189A169}.Debug|Any CPU.Build.0 = Debug|Any CPU
		{316BE98E-5193-4DED-8910-91A03189A169}.Release|Any CPU.ActiveCfg = Release|Any CPU
		{316BE98E-5193-4DED-8910-91A03189A169}.Release|Any CPU.Build.0 = Release|Any CPU
		{71BB246A-FCFE-4337-8004-DD33664E6B04}.Debug|Any CPU.ActiveCfg = Debug|Any CPU
		{71BB246A-FCFE-4337-8004-DD33664E6B04}.Debug|Any CPU.Build.0 = Debug|Any CPU
		{71BB246A-FCFE-4337-8004-DD33664E6B04}.Release|Any CPU.ActiveCfg = Release|Any CPU
		{71BB246A-FCFE-4337-8004-DD33664E6B04}.Release|Any CPU.Build.0 = Release|Any CPU
		{3E3CC50C-2D6C-442B-9D45-E463724321FC}.Debug|Any CPU.ActiveCfg = Debug|Any CPU
		{3E3CC50C-2D6C-442B-9D45-E463724321FC}.Debug|Any CPU.Build.0 = Debug|Any CPU
		{3E3CC50C-2D6C-442B-9D45-E463724321FC}.Release|Any CPU.ActiveCfg = Release|Any CPU
		{3E3CC50C-2D6C-442B-9D45-E463724321FC}.Release|Any CPU.Build.0 = Release|Any CPU
		{E39A93E5-4181-428C-853F-5BD1B5310285}.Debug|Any CPU.ActiveCfg = Debug|Any CPU
		{E39A93E5-4181-428C-853F-5BD1B5310285}.Debug|Any CPU.Build.0 = Debug|Any CPU
		{E39A93E5-4181-428C-853F-5BD1B5310285}.Release|Any CPU.ActiveCfg = Release|Any CPU
		{E39A93E5-4181-428C-853F-5BD1B5310285}.Release|Any CPU.Build.0 = Release|Any CPU
		{0E47D0DD-51BF-431E-9B3C-DC595923F390}.Debug|Any CPU.ActiveCfg = Debug|Any CPU
		{0E47D0DD-51BF-431E-9B3C-DC595923F390}.Debug|Any CPU.Build.0 = Debug|Any CPU
		{0E47D0DD-51BF-431E-9B3C-DC595923F390}.Release|Any CPU.ActiveCfg = Release|Any CPU
		{0E47D0DD-51BF-431E-9B3C-DC595923F390}.Release|Any CPU.Build.0 = Release|Any CPU
		{4A6DE875-AD25-4AC1-995B-370F68A969C5}.Debug|Any CPU.ActiveCfg = Debug|Any CPU
		{4A6DE875-AD25-4AC1-995B-370F68A969C5}.Debug|Any CPU.Build.0 = Debug|Any CPU
		{4A6DE875-AD25-4AC1-995B-370F68A969C5}.Release|Any CPU.ActiveCfg = Release|Any CPU
		{4A6DE875-AD25-4AC1-995B-370F68A969C5}.Release|Any CPU.Build.0 = Release|Any CPU
		{3AB79746-A947-49E4-AFC7-21E8B28229A2}.Debug|Any CPU.ActiveCfg = Debug|Any CPU
		{3AB79746-A947-49E4-AFC7-21E8B28229A2}.Debug|Any CPU.Build.0 = Debug|Any CPU
		{3AB79746-A947-49E4-AFC7-21E8B28229A2}.Release|Any CPU.ActiveCfg = Release|Any CPU
		{3AB79746-A947-49E4-AFC7-21E8B28229A2}.Release|Any CPU.Build.0 = Release|Any CPU
		{CC3CF2CA-789D-4DCE-8A57-B6F3E21D7E8B}.Debug|Any CPU.ActiveCfg = Debug|Any CPU
		{CC3CF2CA-789D-4DCE-8A57-B6F3E21D7E8B}.Debug|Any CPU.Build.0 = Debug|Any CPU
		{CC3CF2CA-789D-4DCE-8A57-B6F3E21D7E8B}.Release|Any CPU.ActiveCfg = Release|Any CPU
		{CC3CF2CA-789D-4DCE-8A57-B6F3E21D7E8B}.Release|Any CPU.Build.0 = Release|Any CPU
	EndGlobalSection
	GlobalSection(SolutionProperties) = preSolution
		HideSolutionNode = FALSE
	EndGlobalSection
	GlobalSection(ExtensibilityGlobals) = postSolution
		SolutionGuid = {095868DA-BEDF-4D45-9089-2646F0926871}
	EndGlobalSection
EndGlobal
